
Microsoft Visual Studio Solution File, Format Version 12.00
# Visual Studio Version 17
VisualStudioVersion = 17.4.33027.239
MinimumVisualStudioVersion = 10.0.40219.1
Project("{2150E333-8FDC-42A3-9474-1A3956D46DE8}") = "src", "src", "{932D8224-11F6-4D07-B109-DA28AD288A63}"
EndProject
Project("{2150E333-8FDC-42A3-9474-1A3956D46DE8}") = "Solution Items", "Solution Items", "{3AF739CD-81D8-428D-A08A-0A58372DEBF6}"
	ProjectSection(SolutionItems) = preProject
		.editorconfig = .editorconfig
		Directory.Packages.props = Directory.Packages.props
		NuGet.config = NuGet.config
		README.md = README.md
	EndProjectSection
EndProject
Project("{2150E333-8FDC-42A3-9474-1A3956D46DE8}") = "tests", "tests", "{A857AD10-40FF-4303-BEC2-FF1C58D5735E}"
EndProject
Project("{9A19103F-16F7-4668-BE54-9A1E7A4F7556}") = "Ordering.API", "src\Ordering.API\Ordering.API.csproj", "{C8BA83CE-480E-4CC7-9508-747A76671F63}"
EndProject
Project("{9A19103F-16F7-4668-BE54-9A1E7A4F7556}") = "OrderProcessor", "src\OrderProcessor\OrderProcessor.csproj", "{0E5BE4C6-BF24-4BDA-908F-EFB99D22159D}"
EndProject
Project("{9A19103F-16F7-4668-BE54-9A1E7A4F7556}") = "Ordering.Domain", "src\Ordering.Domain\Ordering.Domain.csproj", "{DCA3AE8C-904C-48A6-BC0C-2CF995DDFD99}"
EndProject
Project("{9A19103F-16F7-4668-BE54-9A1E7A4F7556}") = "Ordering.Infrastructure", "src\Ordering.Infrastructure\Ordering.Infrastructure.csproj", "{75474943-A318-4DF0-AB01-04F752827152}"
EndProject
Project("{9A19103F-16F7-4668-BE54-9A1E7A4F7556}") = "Ordering.UnitTests", "tests\Ordering.UnitTests\Ordering.UnitTests.csproj", "{6B3179A3-A527-4CEB-B505-5C53A3B45D4D}"
EndProject
Project("{2150E333-8FDC-42A3-9474-1A3956D46DE8}") = "services", "services", "{02EA681E-C7D8-13C7-8484-4AC65E1B71E8}"
EndProject
Project("{2150E333-8FDC-42A3-9474-1A3956D46DE8}") = "ordering", "ordering", "{AAF82AB4-B5DB-472B-84F1-9EB34F0B9D1F}"
EndProject
Project("{FAE04EC0-301F-11D3-BF4B-00C04F79EFBC}") = "TossErp.Domain", "src\TossErp.Domain\TossErp.Domain.csproj", "{2FC3F3B1-4C65-4D82-AED4-2D6C32BE9F14}"
EndProject
Project("{FAE04EC0-301F-11D3-BF4B-00C04F79EFBC}") = "TossErp.Infrastructure", "src\TossErp.Infrastructure\TossErp.Infrastructure.csproj", "{C0DF35F1-4338-4BBB-B528-D74B870FBF3A}"
EndProject
Project("{FAE04EC0-301F-11D3-BF4B-00C04F79EFBC}") = "TossErp.API", "src\TossErp.API\TossErp.API.csproj", "{AE055BEB-CC91-46BE-AE6D-3CCF122FEAA5}"
EndProject
Project("{FAE04EC0-301F-11D3-BF4B-00C04F79EFBC}") = "TossErp.Processor", "src\TossErp.Processor\TossErp.Processor.csproj", "{9DFC1D42-F1A2-47D5-899E-E4ACA7620B93}"
EndProject
Project("{FAE04EC0-301F-11D3-BF4B-00C04F79EFBC}") = "TossErp.Identity.Domain", "src\TossErp.Identity.Domain\TossErp.Identity.Domain.csproj", "{DA69F93A-C55F-48B6-AE53-F7D21C23CD36}"
EndProject
Project("{FAE04EC0-301F-11D3-BF4B-00C04F79EFBC}") = "TossErp.Identity.Infrastructure", "src\TossErp.Identity.Infrastructure\TossErp.Identity.Infrastructure.csproj", "{7A013BFE-9869-431D-ABB0-59B1D61FD2D5}"
EndProject
Project("{FAE04EC0-301F-11D3-BF4B-00C04F79EFBC}") = "TossErp.Identity.API", "src\TossErp.Identity.API\TossErp.Identity.API.csproj", "{F54C9874-4AF2-4F19-B9C8-6B7FEF651C75}"
EndProject
Project("{FAE04EC0-301F-11D3-BF4B-00C04F79EFBC}") = "TossErp.Inventory.Domain", "src\TossErp.Inventory.Domain\TossErp.Inventory.Domain.csproj", "{10505B53-2D90-45EE-9E22-A51C05B3506C}"
EndProject
Project("{FAE04EC0-301F-11D3-BF4B-00C04F79EFBC}") = "TossErp.Inventory.Infrastructure", "src\TossErp.Inventory.Infrastructure\TossErp.Inventory.Infrastructure.csproj", "{9BF2FE9B-6038-4C4D-9165-394579ACE41A}"
EndProject
Project("{FAE04EC0-301F-11D3-BF4B-00C04F79EFBC}") = "TossErp.Inventory.API", "src\TossErp.Inventory.API\TossErp.Inventory.API.csproj", "{80A0FF5D-64B1-4803-8A6D-79AB2C3ABB61}"
EndProject
Project("{FAE04EC0-301F-11D3-BF4B-00C04F79EFBC}") = "TossErp.POS.Domain", "src\TossErp.POS.Domain\TossErp.POS.Domain.csproj", "{B3B00BC6-0B2E-42DB-AD0B-A86D83F9BFBF}"
EndProject
Project("{FAE04EC0-301F-11D3-BF4B-00C04F79EFBC}") = "TossErp.POS.Infrastructure", "src\TossErp.POS.Infrastructure\TossErp.POS.Infrastructure.csproj", "{4BF201C3-9719-4EBD-A093-FC7FD2DA51C7}"
EndProject
Project("{FAE04EC0-301F-11D3-BF4B-00C04F79EFBC}") = "TossErp.POS.API", "src\TossErp.POS.API\TossErp.POS.API.csproj", "{3D24538A-BE47-4D1F-8FEC-AABC74FD00E2}"
EndProject
Project("{FAE04EC0-301F-11D3-BF4B-00C04F79EFBC}") = "TossErp.WebApp", "src\TossErp.WebApp\TossErp.WebApp.csproj", "{AE4D8AF3-F5DE-0AB4-34D0-D99A2E470FF6}"
EndProject
Global
	GlobalSection(SolutionConfigurationPlatforms) = preSolution
		Debug|Any CPU = Debug|Any CPU
		Debug|x64 = Debug|x64
		Debug|x86 = Debug|x86
		Release|Any CPU = Release|Any CPU
		Release|x64 = Release|x64
		Release|x86 = Release|x86
	EndGlobalSection
	GlobalSection(ProjectConfigurationPlatforms) = postSolution
		{C8BA83CE-480E-4CC7-9508-747A76671F63}.Debug|Any CPU.ActiveCfg = Debug|Any CPU
		{C8BA83CE-480E-4CC7-9508-747A76671F63}.Debug|Any CPU.Build.0 = Debug|Any CPU
		{C8BA83CE-480E-4CC7-9508-747A76671F63}.Debug|x64.ActiveCfg = Debug|Any CPU
		{C8BA83CE-480E-4CC7-9508-747A76671F63}.Debug|x64.Build.0 = Debug|Any CPU
		{C8BA83CE-480E-4CC7-9508-747A76671F63}.Debug|x86.ActiveCfg = Debug|Any CPU
		{C8BA83CE-480E-4CC7-9508-747A76671F63}.Debug|x86.Build.0 = Debug|Any CPU
		{C8BA83CE-480E-4CC7-9508-747A76671F63}.Release|Any CPU.ActiveCfg = Release|Any CPU
		{C8BA83CE-480E-4CC7-9508-747A76671F63}.Release|Any CPU.Build.0 = Release|Any CPU
		{C8BA83CE-480E-4CC7-9508-747A76671F63}.Release|x64.ActiveCfg = Release|Any CPU
		{C8BA83CE-480E-4CC7-9508-747A76671F63}.Release|x64.Build.0 = Release|Any CPU
		{C8BA83CE-480E-4CC7-9508-747A76671F63}.Release|x86.ActiveCfg = Release|Any CPU
		{C8BA83CE-480E-4CC7-9508-747A76671F63}.Release|x86.Build.0 = Release|Any CPU
		{0E5BE4C6-BF24-4BDA-908F-EFB99D22159D}.Debug|Any CPU.ActiveCfg = Debug|Any CPU
		{0E5BE4C6-BF24-4BDA-908F-EFB99D22159D}.Debug|Any CPU.Build.0 = Debug|Any CPU
		{0E5BE4C6-BF24-4BDA-908F-EFB99D22159D}.Debug|x64.ActiveCfg = Debug|Any CPU
		{0E5BE4C6-BF24-4BDA-908F-EFB99D22159D}.Debug|x64.Build.0 = Debug|Any CPU
		{0E5BE4C6-BF24-4BDA-908F-EFB99D22159D}.Debug|x86.ActiveCfg = Debug|Any CPU
		{0E5BE4C6-BF24-4BDA-908F-EFB99D22159D}.Debug|x86.Build.0 = Debug|Any CPU
		{0E5BE4C6-BF24-4BDA-908F-EFB99D22159D}.Release|Any CPU.ActiveCfg = Release|Any CPU
		{0E5BE4C6-BF24-4BDA-908F-EFB99D22159D}.Release|Any CPU.Build.0 = Release|Any CPU
		{0E5BE4C6-BF24-4BDA-908F-EFB99D22159D}.Release|x64.ActiveCfg = Release|Any CPU
		{0E5BE4C6-BF24-4BDA-908F-EFB99D22159D}.Release|x64.Build.0 = Release|Any CPU
		{0E5BE4C6-BF24-4BDA-908F-EFB99D22159D}.Release|x86.ActiveCfg = Release|Any CPU
		{0E5BE4C6-BF24-4BDA-908F-EFB99D22159D}.Release|x86.Build.0 = Release|Any CPU
		{DCA3AE8C-904C-48A6-BC0C-2CF995DDFD99}.Debug|Any CPU.ActiveCfg = Debug|Any CPU
		{DCA3AE8C-904C-48A6-BC0C-2CF995DDFD99}.Debug|Any CPU.Build.0 = Debug|Any CPU
		{DCA3AE8C-904C-48A6-BC0C-2CF995DDFD99}.Debug|x64.ActiveCfg = Debug|Any CPU
		{DCA3AE8C-904C-48A6-BC0C-2CF995DDFD99}.Debug|x64.Build.0 = Debug|Any CPU
		{DCA3AE8C-904C-48A6-BC0C-2CF995DDFD99}.Debug|x86.ActiveCfg = Debug|Any CPU
		{DCA3AE8C-904C-48A6-BC0C-2CF995DDFD99}.Debug|x86.Build.0 = Debug|Any CPU
		{DCA3AE8C-904C-48A6-BC0C-2CF995DDFD99}.Release|Any CPU.ActiveCfg = Release|Any CPU
		{DCA3AE8C-904C-48A6-BC0C-2CF995DDFD99}.Release|Any CPU.Build.0 = Release|Any CPU
		{DCA3AE8C-904C-48A6-BC0C-2CF995DDFD99}.Release|x64.ActiveCfg = Release|Any CPU
		{DCA3AE8C-904C-48A6-BC0C-2CF995DDFD99}.Release|x64.Build.0 = Release|Any CPU
		{DCA3AE8C-904C-48A6-BC0C-2CF995DDFD99}.Release|x86.ActiveCfg = Release|Any CPU
		{DCA3AE8C-904C-48A6-BC0C-2CF995DDFD99}.Release|x86.Build.0 = Release|Any CPU
		{75474943-A318-4DF0-AB01-04F752827152}.Debug|Any CPU.ActiveCfg = Debug|Any CPU
		{75474943-A318-4DF0-AB01-04F752827152}.Debug|Any CPU.Build.0 = Debug|Any CPU
		{75474943-A318-4DF0-AB01-04F752827152}.Debug|x64.ActiveCfg = Debug|Any CPU
		{75474943-A318-4DF0-AB01-04F752827152}.Debug|x64.Build.0 = Debug|Any CPU
		{75474943-A318-4DF0-AB01-04F752827152}.Debug|x86.ActiveCfg = Debug|Any CPU
		{75474943-A318-4DF0-AB01-04F752827152}.Debug|x86.Build.0 = Debug|Any CPU
		{75474943-A318-4DF0-AB01-04F752827152}.Release|Any CPU.ActiveCfg = Release|Any CPU
		{75474943-A318-4DF0-AB01-04F752827152}.Release|Any CPU.Build.0 = Release|Any CPU
		{75474943-A318-4DF0-AB01-04F752827152}.Release|x64.ActiveCfg = Release|Any CPU
		{75474943-A318-4DF0-AB01-04F752827152}.Release|x64.Build.0 = Release|Any CPU
		{75474943-A318-4DF0-AB01-04F752827152}.Release|x86.ActiveCfg = Release|Any CPU
		{75474943-A318-4DF0-AB01-04F752827152}.Release|x86.Build.0 = Release|Any CPU
		{6B3179A3-A527-4CEB-B505-5C53A3B45D4D}.Debug|Any CPU.ActiveCfg = Debug|Any CPU
		{6B3179A3-A527-4CEB-B505-5C53A3B45D4D}.Debug|Any CPU.Build.0 = Debug|Any CPU
		{6B3179A3-A527-4CEB-B505-5C53A3B45D4D}.Debug|x64.ActiveCfg = Debug|Any CPU
		{6B3179A3-A527-4CEB-B505-5C53A3B45D4D}.Debug|x64.Build.0 = Debug|Any CPU
		{6B3179A3-A527-4CEB-B505-5C53A3B45D4D}.Debug|x86.ActiveCfg = Debug|Any CPU
		{6B3179A3-A527-4CEB-B505-5C53A3B45D4D}.Debug|x86.Build.0 = Debug|Any CPU
		{6B3179A3-A527-4CEB-B505-5C53A3B45D4D}.Release|Any CPU.ActiveCfg = Release|Any CPU
		{6B3179A3-A527-4CEB-B505-5C53A3B45D4D}.Release|Any CPU.Build.0 = Release|Any CPU
		{6B3179A3-A527-4CEB-B505-5C53A3B45D4D}.Release|x64.ActiveCfg = Release|Any CPU
		{6B3179A3-A527-4CEB-B505-5C53A3B45D4D}.Release|x64.Build.0 = Release|Any CPU
		{6B3179A3-A527-4CEB-B505-5C53A3B45D4D}.Release|x86.ActiveCfg = Release|Any CPU
		{6B3179A3-A527-4CEB-B505-5C53A3B45D4D}.Release|x86.Build.0 = Release|Any CPU
		{2FC3F3B1-4C65-4D82-AED4-2D6C32BE9F14}.Debug|Any CPU.ActiveCfg = Debug|Any CPU
		{2FC3F3B1-4C65-4D82-AED4-2D6C32BE9F14}.Debug|Any CPU.Build.0 = Debug|Any CPU
		{2FC3F3B1-4C65-4D82-AED4-2D6C32BE9F14}.Debug|x64.ActiveCfg = Debug|Any CPU
		{2FC3F3B1-4C65-4D82-AED4-2D6C32BE9F14}.Debug|x64.Build.0 = Debug|Any CPU
		{2FC3F3B1-4C65-4D82-AED4-2D6C32BE9F14}.Debug|x86.ActiveCfg = Debug|Any CPU
		{2FC3F3B1-4C65-4D82-AED4-2D6C32BE9F14}.Debug|x86.Build.0 = Debug|Any CPU
		{2FC3F3B1-4C65-4D82-AED4-2D6C32BE9F14}.Release|Any CPU.ActiveCfg = Release|Any CPU
		{2FC3F3B1-4C65-4D82-AED4-2D6C32BE9F14}.Release|Any CPU.Build.0 = Release|Any CPU
		{2FC3F3B1-4C65-4D82-AED4-2D6C32BE9F14}.Release|x64.ActiveCfg = Release|Any CPU
		{2FC3F3B1-4C65-4D82-AED4-2D6C32BE9F14}.Release|x64.Build.0 = Release|Any CPU
		{2FC3F3B1-4C65-4D82-AED4-2D6C32BE9F14}.Release|x86.ActiveCfg = Release|Any CPU
		{2FC3F3B1-4C65-4D82-AED4-2D6C32BE9F14}.Release|x86.Build.0 = Release|Any CPU
		{C0DF35F1-4338-4BBB-B528-D74B870FBF3A}.Debug|Any CPU.ActiveCfg = Debug|Any CPU
		{C0DF35F1-4338-4BBB-B528-D74B870FBF3A}.Debug|Any CPU.Build.0 = Debug|Any CPU
		{C0DF35F1-4338-4BBB-B528-D74B870FBF3A}.Debug|x64.ActiveCfg = Debug|Any CPU
		{C0DF35F1-4338-4BBB-B528-D74B870FBF3A}.Debug|x64.Build.0 = Debug|Any CPU
		{C0DF35F1-4338-4BBB-B528-D74B870FBF3A}.Debug|x86.ActiveCfg = Debug|Any CPU
		{C0DF35F1-4338-4BBB-B528-D74B870FBF3A}.Debug|x86.Build.0 = Debug|Any CPU
		{C0DF35F1-4338-4BBB-B528-D74B870FBF3A}.Release|Any CPU.ActiveCfg = Release|Any CPU
		{C0DF35F1-4338-4BBB-B528-D74B870FBF3A}.Release|Any CPU.Build.0 = Release|Any CPU
		{C0DF35F1-4338-4BBB-B528-D74B870FBF3A}.Release|x64.ActiveCfg = Release|Any CPU
		{C0DF35F1-4338-4BBB-B528-D74B870FBF3A}.Release|x64.Build.0 = Release|Any CPU
		{C0DF35F1-4338-4BBB-B528-D74B870FBF3A}.Release|x86.ActiveCfg = Release|Any CPU
		{C0DF35F1-4338-4BBB-B528-D74B870FBF3A}.Release|x86.Build.0 = Release|Any CPU
		{AE055BEB-CC91-46BE-AE6D-3CCF122FEAA5}.Debug|Any CPU.ActiveCfg = Debug|Any CPU
		{AE055BEB-CC91-46BE-AE6D-3CCF122FEAA5}.Debug|Any CPU.Build.0 = Debug|Any CPU
		{AE055BEB-CC91-46BE-AE6D-3CCF122FEAA5}.Debug|x64.ActiveCfg = Debug|Any CPU
		{AE055BEB-CC91-46BE-AE6D-3CCF122FEAA5}.Debug|x64.Build.0 = Debug|Any CPU
		{AE055BEB-CC91-46BE-AE6D-3CCF122FEAA5}.Debug|x86.ActiveCfg = Debug|Any CPU
		{AE055BEB-CC91-46BE-AE6D-3CCF122FEAA5}.Debug|x86.Build.0 = Debug|Any CPU
		{AE055BEB-CC91-46BE-AE6D-3CCF122FEAA5}.Release|Any CPU.ActiveCfg = Release|Any CPU
		{AE055BEB-CC91-46BE-AE6D-3CCF122FEAA5}.Release|Any CPU.Build.0 = Release|Any CPU
		{AE055BEB-CC91-46BE-AE6D-3CCF122FEAA5}.Release|x64.ActiveCfg = Release|Any CPU
		{AE055BEB-CC91-46BE-AE6D-3CCF122FEAA5}.Release|x64.Build.0 = Release|Any CPU
		{AE055BEB-CC91-46BE-AE6D-3CCF122FEAA5}.Release|x86.ActiveCfg = Release|Any CPU
		{AE055BEB-CC91-46BE-AE6D-3CCF122FEAA5}.Release|x86.Build.0 = Release|Any CPU
		{9DFC1D42-F1A2-47D5-899E-E4ACA7620B93}.Debug|Any CPU.ActiveCfg = Debug|Any CPU
		{9DFC1D42-F1A2-47D5-899E-E4ACA7620B93}.Debug|Any CPU.Build.0 = Debug|Any CPU
		{9DFC1D42-F1A2-47D5-899E-E4ACA7620B93}.Debug|x64.ActiveCfg = Debug|Any CPU
		{9DFC1D42-F1A2-47D5-899E-E4ACA7620B93}.Debug|x64.Build.0 = Debug|Any CPU
		{9DFC1D42-F1A2-47D5-899E-E4ACA7620B93}.Debug|x86.ActiveCfg = Debug|Any CPU
		{9DFC1D42-F1A2-47D5-899E-E4ACA7620B93}.Debug|x86.Build.0 = Debug|Any CPU
		{9DFC1D42-F1A2-47D5-899E-E4ACA7620B93}.Release|Any CPU.ActiveCfg = Release|Any CPU
		{9DFC1D42-F1A2-47D5-899E-E4ACA7620B93}.Release|Any CPU.Build.0 = Release|Any CPU
		{9DFC1D42-F1A2-47D5-899E-E4ACA7620B93}.Release|x64.ActiveCfg = Release|Any CPU
		{9DFC1D42-F1A2-47D5-899E-E4ACA7620B93}.Release|x64.Build.0 = Release|Any CPU
		{9DFC1D42-F1A2-47D5-899E-E4ACA7620B93}.Release|x86.ActiveCfg = Release|Any CPU
		{9DFC1D42-F1A2-47D5-899E-E4ACA7620B93}.Release|x86.Build.0 = Release|Any CPU
		{DA69F93A-C55F-48B6-AE53-F7D21C23CD36}.Debug|Any CPU.ActiveCfg = Debug|Any CPU
		{DA69F93A-C55F-48B6-AE53-F7D21C23CD36}.Debug|Any CPU.Build.0 = Debug|Any CPU
		{DA69F93A-C55F-48B6-AE53-F7D21C23CD36}.Debug|x64.ActiveCfg = Debug|Any CPU
		{DA69F93A-C55F-48B6-AE53-F7D21C23CD36}.Debug|x64.Build.0 = Debug|Any CPU
		{DA69F93A-C55F-48B6-AE53-F7D21C23CD36}.Debug|x86.ActiveCfg = Debug|Any CPU
		{DA69F93A-C55F-48B6-AE53-F7D21C23CD36}.Debug|x86.Build.0 = Debug|Any CPU
		{DA69F93A-C55F-48B6-AE53-F7D21C23CD36}.Release|Any CPU.ActiveCfg = Release|Any CPU
		{DA69F93A-C55F-48B6-AE53-F7D21C23CD36}.Release|Any CPU.Build.0 = Release|Any CPU
		{DA69F93A-C55F-48B6-AE53-F7D21C23CD36}.Release|x64.ActiveCfg = Release|Any CPU
		{DA69F93A-C55F-48B6-AE53-F7D21C23CD36}.Release|x64.Build.0 = Release|Any CPU
		{DA69F93A-C55F-48B6-AE53-F7D21C23CD36}.Release|x86.ActiveCfg = Release|Any CPU
		{DA69F93A-C55F-48B6-AE53-F7D21C23CD36}.Release|x86.Build.0 = Release|Any CPU
		{7A013BFE-9869-431D-ABB0-59B1D61FD2D5}.Debug|Any CPU.ActiveCfg = Debug|Any CPU
		{7A013BFE-9869-431D-ABB0-59B1D61FD2D5}.Debug|Any CPU.Build.0 = Debug|Any CPU
		{7A013BFE-9869-431D-ABB0-59B1D61FD2D5}.Debug|x64.ActiveCfg = Debug|Any CPU
		{7A013BFE-9869-431D-ABB0-59B1D61FD2D5}.Debug|x64.Build.0 = Debug|Any CPU
		{7A013BFE-9869-431D-ABB0-59B1D61FD2D5}.Debug|x86.ActiveCfg = Debug|Any CPU
		{7A013BFE-9869-431D-ABB0-59B1D61FD2D5}.Debug|x86.Build.0 = Debug|Any CPU
		{7A013BFE-9869-431D-ABB0-59B1D61FD2D5}.Release|Any CPU.ActiveCfg = Release|Any CPU
		{7A013BFE-9869-431D-ABB0-59B1D61FD2D5}.Release|Any CPU.Build.0 = Release|Any CPU
		{7A013BFE-9869-431D-ABB0-59B1D61FD2D5}.Release|x64.ActiveCfg = Release|Any CPU
		{7A013BFE-9869-431D-ABB0-59B1D61FD2D5}.Release|x64.Build.0 = Release|Any CPU
		{7A013BFE-9869-431D-ABB0-59B1D61FD2D5}.Release|x86.ActiveCfg = Release|Any CPU
		{7A013BFE-9869-431D-ABB0-59B1D61FD2D5}.Release|x86.Build.0 = Release|Any CPU
		{F54C9874-4AF2-4F19-B9C8-6B7FEF651C75}.Debug|Any CPU.ActiveCfg = Debug|Any CPU
		{F54C9874-4AF2-4F19-B9C8-6B7FEF651C75}.Debug|Any CPU.Build.0 = Debug|Any CPU
		{F54C9874-4AF2-4F19-B9C8-6B7FEF651C75}.Debug|x64.ActiveCfg = Debug|Any CPU
		{F54C9874-4AF2-4F19-B9C8-6B7FEF651C75}.Debug|x64.Build.0 = Debug|Any CPU
		{F54C9874-4AF2-4F19-B9C8-6B7FEF651C75}.Debug|x86.ActiveCfg = Debug|Any CPU
		{F54C9874-4AF2-4F19-B9C8-6B7FEF651C75}.Debug|x86.Build.0 = Debug|Any CPU
		{F54C9874-4AF2-4F19-B9C8-6B7FEF651C75}.Release|Any CPU.ActiveCfg = Release|Any CPU
		{F54C9874-4AF2-4F19-B9C8-6B7FEF651C75}.Release|Any CPU.Build.0 = Release|Any CPU
		{F54C9874-4AF2-4F19-B9C8-6B7FEF651C75}.Release|x64.ActiveCfg = Release|Any CPU
		{F54C9874-4AF2-4F19-B9C8-6B7FEF651C75}.Release|x64.Build.0 = Release|Any CPU
		{F54C9874-4AF2-4F19-B9C8-6B7FEF651C75}.Release|x86.ActiveCfg = Release|Any CPU
		{F54C9874-4AF2-4F19-B9C8-6B7FEF651C75}.Release|x86.Build.0 = Release|Any CPU
		{10505B53-2D90-45EE-9E22-A51C05B3506C}.Debug|Any CPU.ActiveCfg = Debug|Any CPU
		{10505B53-2D90-45EE-9E22-A51C05B3506C}.Debug|Any CPU.Build.0 = Debug|Any CPU
		{10505B53-2D90-45EE-9E22-A51C05B3506C}.Debug|x64.ActiveCfg = Debug|Any CPU
		{10505B53-2D90-45EE-9E22-A51C05B3506C}.Debug|x64.Build.0 = Debug|Any CPU
		{10505B53-2D90-45EE-9E22-A51C05B3506C}.Debug|x86.ActiveCfg = Debug|Any CPU
		{10505B53-2D90-45EE-9E22-A51C05B3506C}.Debug|x86.Build.0 = Debug|Any CPU
		{10505B53-2D90-45EE-9E22-A51C05B3506C}.Release|Any CPU.ActiveCfg = Release|Any CPU
		{10505B53-2D90-45EE-9E22-A51C05B3506C}.Release|Any CPU.Build.0 = Release|Any CPU
		{10505B53-2D90-45EE-9E22-A51C05B3506C}.Release|x64.ActiveCfg = Release|Any CPU
		{10505B53-2D90-45EE-9E22-A51C05B3506C}.Release|x64.Build.0 = Release|Any CPU
		{10505B53-2D90-45EE-9E22-A51C05B3506C}.Release|x86.ActiveCfg = Release|Any CPU
		{10505B53-2D90-45EE-9E22-A51C05B3506C}.Release|x86.Build.0 = Release|Any CPU
		{9BF2FE9B-6038-4C4D-9165-394579ACE41A}.Debug|Any CPU.ActiveCfg = Debug|Any CPU
		{9BF2FE9B-6038-4C4D-9165-394579ACE41A}.Debug|Any CPU.Build.0 = Debug|Any CPU
		{9BF2FE9B-6038-4C4D-9165-394579ACE41A}.Debug|x64.ActiveCfg = Debug|Any CPU
		{9BF2FE9B-6038-4C4D-9165-394579ACE41A}.Debug|x64.Build.0 = Debug|Any CPU
		{9BF2FE9B-6038-4C4D-9165-394579ACE41A}.Debug|x86.ActiveCfg = Debug|Any CPU
		{9BF2FE9B-6038-4C4D-9165-394579ACE41A}.Debug|x86.Build.0 = Debug|Any CPU
		{9BF2FE9B-6038-4C4D-9165-394579ACE41A}.Release|Any CPU.ActiveCfg = Release|Any CPU
		{9BF2FE9B-6038-4C4D-9165-394579ACE41A}.Release|Any CPU.Build.0 = Release|Any CPU
		{9BF2FE9B-6038-4C4D-9165-394579ACE41A}.Release|x64.ActiveCfg = Release|Any CPU
		{9BF2FE9B-6038-4C4D-9165-394579ACE41A}.Release|x64.Build.0 = Release|Any CPU
		{9BF2FE9B-6038-4C4D-9165-394579ACE41A}.Release|x86.ActiveCfg = Release|Any CPU
		{9BF2FE9B-6038-4C4D-9165-394579ACE41A}.Release|x86.Build.0 = Release|Any CPU
		{80A0FF5D-64B1-4803-8A6D-79AB2C3ABB61}.Debug|Any CPU.ActiveCfg = Debug|Any CPU
		{80A0FF5D-64B1-4803-8A6D-79AB2C3ABB61}.Debug|Any CPU.Build.0 = Debug|Any CPU
		{80A0FF5D-64B1-4803-8A6D-79AB2C3ABB61}.Debug|x64.ActiveCfg = Debug|Any CPU
		{80A0FF5D-64B1-4803-8A6D-79AB2C3ABB61}.Debug|x64.Build.0 = Debug|Any CPU
		{80A0FF5D-64B1-4803-8A6D-79AB2C3ABB61}.Debug|x86.ActiveCfg = Debug|Any CPU
		{80A0FF5D-64B1-4803-8A6D-79AB2C3ABB61}.Debug|x86.Build.0 = Debug|Any CPU
		{80A0FF5D-64B1-4803-8A6D-79AB2C3ABB61}.Release|Any CPU.ActiveCfg = Release|Any CPU
		{80A0FF5D-64B1-4803-8A6D-79AB2C3ABB61}.Release|Any CPU.Build.0 = Release|Any CPU
		{80A0FF5D-64B1-4803-8A6D-79AB2C3ABB61}.Release|x64.ActiveCfg = Release|Any CPU
		{80A0FF5D-64B1-4803-8A6D-79AB2C3ABB61}.Release|x64.Build.0 = Release|Any CPU
		{80A0FF5D-64B1-4803-8A6D-79AB2C3ABB61}.Release|x86.ActiveCfg = Release|Any CPU
		{80A0FF5D-64B1-4803-8A6D-79AB2C3ABB61}.Release|x86.Build.0 = Release|Any CPU
		{B3B00BC6-0B2E-42DB-AD0B-A86D83F9BFBF}.Debug|Any CPU.ActiveCfg = Debug|Any CPU
		{B3B00BC6-0B2E-42DB-AD0B-A86D83F9BFBF}.Debug|Any CPU.Build.0 = Debug|Any CPU
		{B3B00BC6-0B2E-42DB-AD0B-A86D83F9BFBF}.Debug|x64.ActiveCfg = Debug|Any CPU
		{B3B00BC6-0B2E-42DB-AD0B-A86D83F9BFBF}.Debug|x64.Build.0 = Debug|Any CPU
		{B3B00BC6-0B2E-42DB-AD0B-A86D83F9BFBF}.Debug|x86.ActiveCfg = Debug|Any CPU
		{B3B00BC6-0B2E-42DB-AD0B-A86D83F9BFBF}.Debug|x86.Build.0 = Debug|Any CPU
		{B3B00BC6-0B2E-42DB-AD0B-A86D83F9BFBF}.Release|Any CPU.ActiveCfg = Release|Any CPU
		{B3B00BC6-0B2E-42DB-AD0B-A86D83F9BFBF}.Release|Any CPU.Build.0 = Release|Any CPU
		{B3B00BC6-0B2E-42DB-AD0B-A86D83F9BFBF}.Release|x64.ActiveCfg = Release|Any CPU
		{B3B00BC6-0B2E-42DB-AD0B-A86D83F9BFBF}.Release|x64.Build.0 = Release|Any CPU
		{B3B00BC6-0B2E-42DB-AD0B-A86D83F9BFBF}.Release|x86.ActiveCfg = Release|Any CPU
		{B3B00BC6-0B2E-42DB-AD0B-A86D83F9BFBF}.Release|x86.Build.0 = Release|Any CPU
		{4BF201C3-9719-4EBD-A093-FC7FD2DA51C7}.Debug|Any CPU.ActiveCfg = Debug|Any CPU
		{4BF201C3-9719-4EBD-A093-FC7FD2DA51C7}.Debug|Any CPU.Build.0 = Debug|Any CPU
		{4BF201C3-9719-4EBD-A093-FC7FD2DA51C7}.Debug|x64.ActiveCfg = Debug|Any CPU
		{4BF201C3-9719-4EBD-A093-FC7FD2DA51C7}.Debug|x64.Build.0 = Debug|Any CPU
		{4BF201C3-9719-4EBD-A093-FC7FD2DA51C7}.Debug|x86.ActiveCfg = Debug|Any CPU
		{4BF201C3-9719-4EBD-A093-FC7FD2DA51C7}.Debug|x86.Build.0 = Debug|Any CPU
		{4BF201C3-9719-4EBD-A093-FC7FD2DA51C7}.Release|Any CPU.ActiveCfg = Release|Any CPU
		{4BF201C3-9719-4EBD-A093-FC7FD2DA51C7}.Release|Any CPU.Build.0 = Release|Any CPU
		{4BF201C3-9719-4EBD-A093-FC7FD2DA51C7}.Release|x64.ActiveCfg = Release|Any CPU
		{4BF201C3-9719-4EBD-A093-FC7FD2DA51C7}.Release|x64.Build.0 = Release|Any CPU
		{4BF201C3-9719-4EBD-A093-FC7FD2DA51C7}.Release|x86.ActiveCfg = Release|Any CPU
		{4BF201C3-9719-4EBD-A093-FC7FD2DA51C7}.Release|x86.Build.0 = Release|Any CPU
		{3D24538A-BE47-4D1F-8FEC-AABC74FD00E2}.Debug|Any CPU.ActiveCfg = Debug|Any CPU
		{3D24538A-BE47-4D1F-8FEC-AABC74FD00E2}.Debug|Any CPU.Build.0 = Debug|Any CPU
		{3D24538A-BE47-4D1F-8FEC-AABC74FD00E2}.Debug|x64.ActiveCfg = Debug|Any CPU
		{3D24538A-BE47-4D1F-8FEC-AABC74FD00E2}.Debug|x64.Build.0 = Debug|Any CPU
		{3D24538A-BE47-4D1F-8FEC-AABC74FD00E2}.Debug|x86.ActiveCfg = Debug|Any CPU
		{3D24538A-BE47-4D1F-8FEC-AABC74FD00E2}.Debug|x86.Build.0 = Debug|Any CPU
		{3D24538A-BE47-4D1F-8FEC-AABC74FD00E2}.Release|Any CPU.ActiveCfg = Release|Any CPU
		{3D24538A-BE47-4D1F-8FEC-AABC74FD00E2}.Release|Any CPU.Build.0 = Release|Any CPU
		{3D24538A-BE47-4D1F-8FEC-AABC74FD00E2}.Release|x64.ActiveCfg = Release|Any CPU
		{3D24538A-BE47-4D1F-8FEC-AABC74FD00E2}.Release|x64.Build.0 = Release|Any CPU
		{3D24538A-BE47-4D1F-8FEC-AABC74FD00E2}.Release|x86.ActiveCfg = Release|Any CPU
		{3D24538A-BE47-4D1F-8FEC-AABC74FD00E2}.Release|x86.Build.0 = Release|Any CPU
		{AE4D8AF3-F5DE-0AB4-34D0-D99A2E470FF6}.Debug|Any CPU.ActiveCfg = Debug|Any CPU
		{AE4D8AF3-F5DE-0AB4-34D0-D99A2E470FF6}.Debug|Any CPU.Build.0 = Debug|Any CPU
		{AE4D8AF3-F5DE-0AB4-34D0-D99A2E470FF6}.Debug|x64.ActiveCfg = Debug|Any CPU
		{AE4D8AF3-F5DE-0AB4-34D0-D99A2E470FF6}.Debug|x64.Build.0 = Debug|Any CPU
		{AE4D8AF3-F5DE-0AB4-34D0-D99A2E470FF6}.Debug|x86.ActiveCfg = Debug|Any CPU
		{AE4D8AF3-F5DE-0AB4-34D0-D99A2E470FF6}.Debug|x86.Build.0 = Debug|Any CPU
		{AE4D8AF3-F5DE-0AB4-34D0-D99A2E470FF6}.Release|Any CPU.ActiveCfg = Release|Any CPU
		{AE4D8AF3-F5DE-0AB4-34D0-D99A2E470FF6}.Release|Any CPU.Build.0 = Release|Any CPU
		{AE4D8AF3-F5DE-0AB4-34D0-D99A2E470FF6}.Release|x64.ActiveCfg = Release|Any CPU
		{AE4D8AF3-F5DE-0AB4-34D0-D99A2E470FF6}.Release|x64.Build.0 = Release|Any CPU
		{AE4D8AF3-F5DE-0AB4-34D0-D99A2E470FF6}.Release|x86.ActiveCfg = Release|Any CPU
		{AE4D8AF3-F5DE-0AB4-34D0-D99A2E470FF6}.Release|x86.Build.0 = Release|Any CPU
	EndGlobalSection
	GlobalSection(SolutionProperties) = preSolution
		HideSolutionNode = FALSE
	EndGlobalSection
	GlobalSection(NestedProjects) = preSolution
		{C8BA83CE-480E-4CC7-9508-747A76671F63} = {AAF82AB4-B5DB-472B-84F1-9EB34F0B9D1F}
		{0E5BE4C6-BF24-4BDA-908F-EFB99D22159D} = {AAF82AB4-B5DB-472B-84F1-9EB34F0B9D1F}
		{DCA3AE8C-904C-48A6-BC0C-2CF995DDFD99} = {AAF82AB4-B5DB-472B-84F1-9EB34F0B9D1F}
		{75474943-A318-4DF0-AB01-04F752827152} = {AAF82AB4-B5DB-472B-84F1-9EB34F0B9D1F}
		{6B3179A3-A527-4CEB-B505-5C53A3B45D4D} = {A857AD10-40FF-4303-BEC2-FF1C58D5735E}
		{02EA681E-C7D8-13C7-8484-4AC65E1B71E8} = {932D8224-11F6-4D07-B109-DA28AD288A63}
		{AAF82AB4-B5DB-472B-84F1-9EB34F0B9D1F} = {02EA681E-C7D8-13C7-8484-4AC65E1B71E8}
		{2FC3F3B1-4C65-4D82-AED4-2D6C32BE9F14} = {932D8224-11F6-4D07-B109-DA28AD288A63}
		{C0DF35F1-4338-4BBB-B528-D74B870FBF3A} = {932D8224-11F6-4D07-B109-DA28AD288A63}
		{AE055BEB-CC91-46BE-AE6D-3CCF122FEAA5} = {932D8224-11F6-4D07-B109-DA28AD288A63}
		{9DFC1D42-F1A2-47D5-899E-E4ACA7620B93} = {932D8224-11F6-4D07-B109-DA28AD288A63}
		{DA69F93A-C55F-48B6-AE53-F7D21C23CD36} = {932D8224-11F6-4D07-B109-DA28AD288A63}
		{7A013BFE-9869-431D-ABB0-59B1D61FD2D5} = {932D8224-11F6-4D07-B109-DA28AD288A63}
		{F54C9874-4AF2-4F19-B9C8-6B7FEF651C75} = {932D8224-11F6-4D07-B109-DA28AD288A63}
		{10505B53-2D90-45EE-9E22-A51C05B3506C} = {932D8224-11F6-4D07-B109-DA28AD288A63}
		{9BF2FE9B-6038-4C4D-9165-394579ACE41A} = {932D8224-11F6-4D07-B109-DA28AD288A63}
		{80A0FF5D-64B1-4803-8A6D-79AB2C3ABB61} = {932D8224-11F6-4D07-B109-DA28AD288A63}
		{B3B00BC6-0B2E-42DB-AD0B-A86D83F9BFBF} = {932D8224-11F6-4D07-B109-DA28AD288A63}
		{4BF201C3-9719-4EBD-A093-FC7FD2DA51C7} = {932D8224-11F6-4D07-B109-DA28AD288A63}
		{3D24538A-BE47-4D1F-8FEC-AABC74FD00E2} = {932D8224-11F6-4D07-B109-DA28AD288A63}
		{AE4D8AF3-F5DE-0AB4-34D0-D99A2E470FF6} = {932D8224-11F6-4D07-B109-DA28AD288A63}
	EndGlobalSection
	GlobalSection(ExtensibilityGlobals) = postSolution
		SolutionGuid = {25728519-5F0F-4973-8A64-0A81EB4EA8D9}
	EndGlobalSection
EndGlobal
